{
  "lockfileVersion": 1,
  "configVersion": 0,
  "workspaces": {
    "": {
      "name": "cc-skills",
      "devDependencies": {
        "@semantic-release/changelog": "^6.0.3",
        "@semantic-release/commit-analyzer": "^13.0.0",
        "@semantic-release/exec": "^6.0.3",
        "@semantic-release/git": "^10.0.1",
        "@semantic-release/github": "^11.0.1",
        "@semantic-release/release-notes-generator": "^14.0.1",
        "ajv": "^8.17.1",
        "semantic-release": "^25.0.0",
        "tinyglobby": "^0.2.15",
      },
    },
  },
  "packages": {
    "@actions/core": ["@actions/core@1.11.1", "", { "dependencies": { "@actions/exec": "^1.1.1", "@actions/http-client": "^2.0.1" } }, ""],

    "@actions/exec": ["@actions/exec@1.1.1", "", { "dependencies": { "@actions/io": "^1.0.1" } }, ""],

    "@actions/http-client": ["@actions/http-client@2.2.3", "", { "dependencies": { "tunnel": "^0.0.6", "undici": "^5.25.4" } }, ""],

    "@actions/io": ["@actions/io@1.1.3", "", {}, ""],

    "@babel/code-frame": ["@babel/code-frame@7.27.1", "", { "dependencies": { "@babel/helper-validator-identifier": "^7.27.1", "js-tokens": "^4.0.0", "picocolors": "^1.1.1" } }, ""],

    "@babel/helper-validator-identifier": ["@babel/helper-validator-identifier@7.28.5", "", {}, ""],

    "@colors/colors": ["@colors/colors@1.5.0", "", {}, ""],

    "@fastify/busboy": ["@fastify/busboy@2.1.1", "", {}, ""],

    "@octokit/auth-token": ["@octokit/auth-token@6.0.0", "", {}, ""],

    "@octokit/core": ["@octokit/core@7.0.6", "", { "dependencies": { "@octokit/auth-token": "^6.0.0", "@octokit/graphql": "^9.0.3", "@octokit/request": "^10.0.6", "@octokit/request-error": "^7.0.2", "@octokit/types": "^16.0.0", "before-after-hook": "^4.0.0", "universal-user-agent": "^7.0.0" } }, ""],

    "@octokit/endpoint": ["@octokit/endpoint@11.0.2", "", { "dependencies": { "@octokit/types": "^16.0.0", "universal-user-agent": "^7.0.2" } }, ""],

    "@octokit/graphql": ["@octokit/graphql@9.0.3", "", { "dependencies": { "@octokit/request": "^10.0.6", "@octokit/types": "^16.0.0", "universal-user-agent": "^7.0.0" } }, ""],

    "@octokit/openapi-types": ["@octokit/openapi-types@27.0.0", "", {}, ""],

    "@octokit/plugin-paginate-rest": ["@octokit/plugin-paginate-rest@13.2.1", "", { "dependencies": { "@octokit/types": "^15.0.1" }, "peerDependencies": { "@octokit/core": ">=6" } }, ""],

    "@octokit/plugin-retry": ["@octokit/plugin-retry@8.0.3", "", { "dependencies": { "@octokit/request-error": "^7.0.2", "@octokit/types": "^16.0.0", "bottleneck": "^2.15.3" }, "peerDependencies": { "@octokit/core": ">=7" } }, ""],

    "@octokit/plugin-throttling": ["@octokit/plugin-throttling@11.0.3", "", { "dependencies": { "@octokit/types": "^16.0.0", "bottleneck": "^2.15.3" }, "peerDependencies": { "@octokit/core": "^7.0.0" } }, ""],

    "@octokit/request": ["@octokit/request@10.0.7", "", { "dependencies": { "@octokit/endpoint": "^11.0.2", "@octokit/request-error": "^7.0.2", "@octokit/types": "^16.0.0", "fast-content-type-parse": "^3.0.0", "universal-user-agent": "^7.0.2" } }, ""],

    "@octokit/request-error": ["@octokit/request-error@7.1.0", "", { "dependencies": { "@octokit/types": "^16.0.0" } }, ""],

    "@octokit/types": ["@octokit/types@16.0.0", "", { "dependencies": { "@octokit/openapi-types": "^27.0.0" } }, ""],

    "@pnpm/config.env-replace": ["@pnpm/config.env-replace@1.1.0", "", {}, ""],

    "@pnpm/network.ca-file": ["@pnpm/network.ca-file@1.0.2", "", { "dependencies": { "graceful-fs": "4.2.10" } }, ""],

    "@pnpm/npm-conf": ["@pnpm/npm-conf@2.3.1", "", { "dependencies": { "@pnpm/config.env-replace": "^1.1.0", "@pnpm/network.ca-file": "^1.0.1", "config-chain": "^1.1.11" } }, ""],

    "@sec-ant/readable-stream": ["@sec-ant/readable-stream@0.4.1", "", {}, ""],

    "@semantic-release/changelog": ["@semantic-release/changelog@6.0.3", "", { "dependencies": { "@semantic-release/error": "^3.0.0", "aggregate-error": "^3.0.0", "fs-extra": "^11.0.0", "lodash": "^4.17.4" }, "peerDependencies": { "semantic-release": ">=18.0.0" } }, ""],

    "@semantic-release/commit-analyzer": ["@semantic-release/commit-analyzer@13.0.1", "", { "dependencies": { "conventional-changelog-angular": "^8.0.0", "conventional-changelog-writer": "^8.0.0", "conventional-commits-filter": "^5.0.0", "conventional-commits-parser": "^6.0.0", "debug": "^4.0.0", "import-from-esm": "^2.0.0", "lodash-es": "^4.17.21", "micromatch": "^4.0.2" }, "peerDependencies": { "semantic-release": ">=20.1.0" } }, ""],

    "@semantic-release/error": ["@semantic-release/error@3.0.0", "", {}, ""],

    "@semantic-release/exec": ["@semantic-release/exec@6.0.3", "", { "dependencies": { "@semantic-release/error": "^3.0.0", "aggregate-error": "^3.0.0", "debug": "^4.0.0", "execa": "^5.0.0", "lodash": "^4.17.4", "parse-json": "^5.0.0" }, "peerDependencies": { "semantic-release": ">=18.0.0" } }, "sha512-bxAq8vLOw76aV89vxxICecEa8jfaWwYITw6X74zzlO0mc/Bgieqx9kBRz9z96pHectiTAtsCwsQcUyLYWnp3VQ=="],

    "@semantic-release/git": ["@semantic-release/git@10.0.1", "", { "dependencies": { "@semantic-release/error": "^3.0.0", "aggregate-error": "^3.0.0", "debug": "^4.0.0", "dir-glob": "^3.0.0", "execa": "^5.0.0", "lodash": "^4.17.4", "micromatch": "^4.0.0", "p-reduce": "^2.0.0" }, "peerDependencies": { "semantic-release": ">=18.0.0" } }, ""],

    "@semantic-release/github": ["@semantic-release/github@11.0.6", "", { "dependencies": { "@octokit/core": "^7.0.0", "@octokit/plugin-paginate-rest": "^13.0.0", "@octokit/plugin-retry": "^8.0.0", "@octokit/plugin-throttling": "^11.0.0", "@semantic-release/error": "^4.0.0", "aggregate-error": "^5.0.0", "debug": "^4.3.4", "dir-glob": "^3.0.1", "http-proxy-agent": "^7.0.0", "https-proxy-agent": "^7.0.0", "issue-parser": "^7.0.0", "lodash-es": "^4.17.21", "mime": "^4.0.0", "p-filter": "^4.0.0", "tinyglobby": "^0.2.14", "url-join": "^5.0.0" }, "peerDependencies": { "semantic-release": ">=24.1.0" } }, ""],

    "@semantic-release/npm": ["@semantic-release/npm@13.1.2", "", { "dependencies": { "@actions/core": "^1.11.1", "@semantic-release/error": "^4.0.0", "aggregate-error": "^5.0.0", "env-ci": "^11.2.0", "execa": "^9.0.0", "fs-extra": "^11.0.0", "lodash-es": "^4.17.21", "nerf-dart": "^1.0.0", "normalize-url": "^8.0.0", "npm": "^11.6.2", "rc": "^1.2.8", "read-pkg": "^10.0.0", "registry-auth-token": "^5.0.0", "semver": "^7.1.2", "tempy": "^3.0.0" }, "peerDependencies": { "semantic-release": ">=20.1.0" } }, ""],

    "@semantic-release/release-notes-generator": ["@semantic-release/release-notes-generator@14.1.0", "", { "dependencies": { "conventional-changelog-angular": "^8.0.0", "conventional-changelog-writer": "^8.0.0", "conventional-commits-filter": "^5.0.0", "conventional-commits-parser": "^6.0.0", "debug": "^4.0.0", "get-stream": "^7.0.0", "import-from-esm": "^2.0.0", "into-stream": "^7.0.0", "lodash-es": "^4.17.21", "read-package-up": "^11.0.0" }, "peerDependencies": { "semantic-release": ">=20.1.0" } }, ""],

    "@sindresorhus/is": ["@sindresorhus/is@4.6.0", "", {}, ""],

    "@sindresorhus/merge-streams": ["@sindresorhus/merge-streams@4.0.0", "", {}, ""],

    "@types/normalize-package-data": ["@types/normalize-package-data@2.4.4", "", {}, ""],

    "agent-base": ["agent-base@7.1.4", "", {}, ""],

    "aggregate-error": ["aggregate-error@3.1.0", "", { "dependencies": { "clean-stack": "^2.0.0", "indent-string": "^4.0.0" } }, ""],

    "ajv": ["ajv@8.17.1", "", { "dependencies": { "fast-deep-equal": "^3.1.3", "fast-uri": "^3.0.1", "json-schema-traverse": "^1.0.0", "require-from-string": "^2.0.2" } }, "sha512-B/gBuNg5SiMTrPkC+A2+cW0RszwxYmn6VYxB/inlBStS5nx6xHIt/ehKRhIMhqusl7a8LjQoZnjCs5vhwxOQ1g=="],

    "ansi-escapes": ["ansi-escapes@7.2.0", "", { "dependencies": { "environment": "^1.0.0" } }, ""],

    "ansi-regex": ["ansi-regex@6.2.2", "", {}, ""],

    "ansi-styles": ["ansi-styles@3.2.1", "", { "dependencies": { "color-convert": "^1.9.0" } }, ""],

    "any-promise": ["any-promise@1.3.0", "", {}, ""],

    "argparse": ["argparse@2.0.1", "", {}, ""],

    "argv-formatter": ["argv-formatter@1.0.0", "", {}, ""],

    "array-ify": ["array-ify@1.0.0", "", {}, ""],

    "before-after-hook": ["before-after-hook@4.0.0", "", {}, ""],

    "bottleneck": ["bottleneck@2.19.5", "", {}, ""],

    "braces": ["braces@3.0.3", "", { "dependencies": { "fill-range": "^7.1.1" } }, ""],

    "callsites": ["callsites@3.1.0", "", {}, ""],

    "chalk": ["chalk@5.6.2", "", {}, ""],

    "char-regex": ["char-regex@1.0.2", "", {}, ""],

    "clean-stack": ["clean-stack@2.2.0", "", {}, ""],

    "cli-highlight": ["cli-highlight@2.1.11", "", { "dependencies": { "chalk": "^4.0.0", "highlight.js": "^10.7.1", "mz": "^2.4.0", "parse5": "^5.1.1", "parse5-htmlparser2-tree-adapter": "^6.0.0", "yargs": "^16.0.0" }, "bin": { "highlight": "bin/highlight" } }, ""],

    "cli-table3": ["cli-table3@0.6.5", "", { "dependencies": { "string-width": "^4.2.0" }, "optionalDependencies": { "@colors/colors": "1.5.0" } }, ""],

    "cliui": ["cliui@9.0.1", "", { "dependencies": { "string-width": "^7.2.0", "strip-ansi": "^7.1.0", "wrap-ansi": "^9.0.0" } }, ""],

    "color-convert": ["color-convert@1.9.3", "", { "dependencies": { "color-name": "1.1.3" } }, ""],

    "color-name": ["color-name@1.1.3", "", {}, ""],

    "compare-func": ["compare-func@2.0.0", "", { "dependencies": { "array-ify": "^1.0.0", "dot-prop": "^5.1.0" } }, ""],

    "config-chain": ["config-chain@1.1.13", "", { "dependencies": { "ini": "^1.3.4", "proto-list": "~1.2.1" } }, ""],

    "conventional-changelog-angular": ["conventional-changelog-angular@8.1.0", "", { "dependencies": { "compare-func": "^2.0.0" } }, ""],

    "conventional-changelog-writer": ["conventional-changelog-writer@8.2.0", "", { "dependencies": { "conventional-commits-filter": "^5.0.0", "handlebars": "^4.7.7", "meow": "^13.0.0", "semver": "^7.5.2" }, "bin": "dist/cli/index.js" }, ""],

    "conventional-commits-filter": ["conventional-commits-filter@5.0.0", "", {}, ""],

    "conventional-commits-parser": ["conventional-commits-parser@6.2.1", "", { "dependencies": { "meow": "^13.0.0" }, "bin": "dist/cli/index.js" }, ""],

    "convert-hrtime": ["convert-hrtime@5.0.0", "", {}, ""],

    "core-util-is": ["core-util-is@1.0.3", "", {}, ""],

    "cosmiconfig": ["cosmiconfig@9.0.0", "", { "dependencies": { "env-paths": "^2.2.1", "import-fresh": "^3.3.0", "js-yaml": "^4.1.0", "parse-json": "^5.2.0" }, "peerDependencies": { "typescript": ">=4.9.5" }, "optionalPeers": ["typescript"] }, ""],

    "cross-spawn": ["cross-spawn@7.0.6", "", { "dependencies": { "path-key": "^3.1.0", "shebang-command": "^2.0.0", "which": "^2.0.1" } }, ""],

    "crypto-random-string": ["crypto-random-string@4.0.0", "", { "dependencies": { "type-fest": "^1.0.1" } }, ""],

    "debug": ["debug@4.4.3", "", { "dependencies": { "ms": "^2.1.3" } }, ""],

    "deep-extend": ["deep-extend@0.6.0", "", {}, ""],

    "dir-glob": ["dir-glob@3.0.1", "", { "dependencies": { "path-type": "^4.0.0" } }, ""],

    "dot-prop": ["dot-prop@5.3.0", "", { "dependencies": { "is-obj": "^2.0.0" } }, ""],

    "duplexer2": ["duplexer2@0.1.4", "", { "dependencies": { "readable-stream": "^2.0.2" } }, ""],

    "emoji-regex": ["emoji-regex@10.6.0", "", {}, ""],

    "emojilib": ["emojilib@2.4.0", "", {}, ""],

    "env-ci": ["env-ci@11.2.0", "", { "dependencies": { "execa": "^8.0.0", "java-properties": "^1.0.2" } }, ""],

    "env-paths": ["env-paths@2.2.1", "", {}, ""],

    "environment": ["environment@1.1.0", "", {}, ""],

    "error-ex": ["error-ex@1.3.4", "", { "dependencies": { "is-arrayish": "^0.2.1" } }, ""],

    "escalade": ["escalade@3.2.0", "", {}, ""],

    "escape-string-regexp": ["escape-string-regexp@5.0.0", "", {}, ""],

    "execa": ["execa@5.1.1", "", { "dependencies": { "cross-spawn": "^7.0.3", "get-stream": "^6.0.0", "human-signals": "^2.1.0", "is-stream": "^2.0.0", "merge-stream": "^2.0.0", "npm-run-path": "^4.0.1", "onetime": "^5.1.2", "signal-exit": "^3.0.3", "strip-final-newline": "^2.0.0" } }, ""],

    "fast-content-type-parse": ["fast-content-type-parse@3.0.0", "", {}, ""],

    "fast-deep-equal": ["fast-deep-equal@3.1.3", "", {}, "sha512-f3qQ9oQy9j2AhBe/H9VC91wLmKBCCU/gDOnKNAYG5hswO7BLKj09Hc5HYNz9cGI++xlpDCIgDaitVs03ATR84Q=="],

    "fast-uri": ["fast-uri@3.1.0", "", {}, "sha512-iPeeDKJSWf4IEOasVVrknXpaBV0IApz/gp7S2bb7Z4Lljbl2MGJRqInZiUrQwV16cpzw/D3S5j5Julj/gT52AA=="],

    "fdir": ["fdir@6.5.0", "", { "peerDependencies": { "picomatch": "^3 || ^4" } }, ""],

    "figures": ["figures@6.1.0", "", { "dependencies": { "is-unicode-supported": "^2.0.0" } }, ""],

    "fill-range": ["fill-range@7.1.1", "", { "dependencies": { "to-regex-range": "^5.0.1" } }, ""],

    "find-up": ["find-up@2.1.0", "", { "dependencies": { "locate-path": "^2.0.0" } }, ""],

    "find-up-simple": ["find-up-simple@1.0.1", "", {}, ""],

    "find-versions": ["find-versions@6.0.0", "", { "dependencies": { "semver-regex": "^4.0.5", "super-regex": "^1.0.0" } }, ""],

    "from2": ["from2@2.3.0", "", { "dependencies": { "inherits": "^2.0.1", "readable-stream": "^2.0.0" } }, ""],

    "fs-extra": ["fs-extra@11.3.2", "", { "dependencies": { "graceful-fs": "^4.2.0", "jsonfile": "^6.0.1", "universalify": "^2.0.0" } }, ""],

    "function-timeout": ["function-timeout@1.0.2", "", {}, ""],

    "get-caller-file": ["get-caller-file@2.0.5", "", {}, ""],

    "get-east-asian-width": ["get-east-asian-width@1.4.0", "", {}, ""],

    "get-stream": ["get-stream@7.0.1", "", {}, ""],

    "git-log-parser": ["git-log-parser@1.2.1", "", { "dependencies": { "argv-formatter": "~1.0.0", "spawn-error-forwarder": "~1.0.0", "split2": "~1.0.0", "stream-combiner2": "~1.1.1", "through2": "~2.0.0", "traverse": "0.6.8" } }, ""],

    "graceful-fs": ["graceful-fs@4.2.11", "", {}, ""],

    "handlebars": ["handlebars@4.7.8", "", { "dependencies": { "minimist": "^1.2.5", "neo-async": "^2.6.2", "source-map": "^0.6.1", "wordwrap": "^1.0.0" }, "optionalDependencies": { "uglify-js": "^3.1.4" }, "bin": "bin/handlebars" }, ""],

    "has-flag": ["has-flag@4.0.0", "", {}, ""],

    "highlight.js": ["highlight.js@10.7.3", "", {}, ""],

    "hook-std": ["hook-std@4.0.0", "", {}, ""],

    "hosted-git-info": ["hosted-git-info@9.0.2", "", { "dependencies": { "lru-cache": "^11.1.0" } }, ""],

    "http-proxy-agent": ["http-proxy-agent@7.0.2", "", { "dependencies": { "agent-base": "^7.1.0", "debug": "^4.3.4" } }, ""],

    "https-proxy-agent": ["https-proxy-agent@7.0.6", "", { "dependencies": { "agent-base": "^7.1.2", "debug": "4" } }, ""],

    "human-signals": ["human-signals@2.1.0", "", {}, ""],

    "import-fresh": ["import-fresh@3.3.1", "", { "dependencies": { "parent-module": "^1.0.0", "resolve-from": "^4.0.0" } }, ""],

    "import-from-esm": ["import-from-esm@2.0.0", "", { "dependencies": { "debug": "^4.3.4", "import-meta-resolve": "^4.0.0" } }, ""],

    "import-meta-resolve": ["import-meta-resolve@4.2.0", "", {}, ""],

    "indent-string": ["indent-string@4.0.0", "", {}, ""],

    "index-to-position": ["index-to-position@1.2.0", "", {}, ""],

    "inherits": ["inherits@2.0.4", "", {}, ""],

    "ini": ["ini@1.3.8", "", {}, ""],

    "into-stream": ["into-stream@7.0.0", "", { "dependencies": { "from2": "^2.3.0", "p-is-promise": "^3.0.0" } }, ""],

    "is-arrayish": ["is-arrayish@0.2.1", "", {}, ""],

    "is-fullwidth-code-point": ["is-fullwidth-code-point@3.0.0", "", {}, ""],

    "is-number": ["is-number@7.0.0", "", {}, ""],

    "is-obj": ["is-obj@2.0.0", "", {}, ""],

    "is-plain-obj": ["is-plain-obj@4.1.0", "", {}, ""],

    "is-stream": ["is-stream@2.0.1", "", {}, ""],

    "is-unicode-supported": ["is-unicode-supported@2.1.0", "", {}, ""],

    "isarray": ["isarray@1.0.0", "", {}, ""],

    "isexe": ["isexe@2.0.0", "", {}, ""],

    "issue-parser": ["issue-parser@7.0.1", "", { "dependencies": { "lodash.capitalize": "^4.2.1", "lodash.escaperegexp": "^4.1.2", "lodash.isplainobject": "^4.0.6", "lodash.isstring": "^4.0.1", "lodash.uniqby": "^4.7.0" } }, ""],

    "java-properties": ["java-properties@1.0.2", "", {}, ""],

    "js-tokens": ["js-tokens@4.0.0", "", {}, ""],

    "js-yaml": ["js-yaml@4.1.1", "", { "dependencies": { "argparse": "^2.0.1" }, "bin": "bin/js-yaml.js" }, ""],

    "json-parse-better-errors": ["json-parse-better-errors@1.0.2", "", {}, ""],

    "json-parse-even-better-errors": ["json-parse-even-better-errors@2.3.1", "", {}, ""],

    "json-schema-traverse": ["json-schema-traverse@1.0.0", "", {}, "sha512-NM8/P9n3XjXhIZn1lLhkFaACTOURQXjWhV4BA/RnOv8xvgqtqpAX9IO4mRQxSx1Rlo4tqzeqb0sOlruaOy3dug=="],

    "jsonfile": ["jsonfile@6.2.0", "", { "dependencies": { "universalify": "^2.0.0" }, "optionalDependencies": { "graceful-fs": "^4.1.6" } }, ""],

    "lines-and-columns": ["lines-and-columns@1.2.4", "", {}, ""],

    "load-json-file": ["load-json-file@4.0.0", "", { "dependencies": { "graceful-fs": "^4.1.2", "parse-json": "^4.0.0", "pify": "^3.0.0", "strip-bom": "^3.0.0" } }, ""],

    "locate-path": ["locate-path@2.0.0", "", { "dependencies": { "p-locate": "^2.0.0", "path-exists": "^3.0.0" } }, ""],

    "lodash": ["lodash@4.17.21", "", {}, ""],

    "lodash-es": ["lodash-es@4.17.21", "", {}, ""],

    "lodash.capitalize": ["lodash.capitalize@4.2.1", "", {}, ""],

    "lodash.escaperegexp": ["lodash.escaperegexp@4.1.2", "", {}, ""],

    "lodash.isplainobject": ["lodash.isplainobject@4.0.6", "", {}, ""],

    "lodash.isstring": ["lodash.isstring@4.0.1", "", {}, ""],

    "lodash.uniqby": ["lodash.uniqby@4.7.0", "", {}, ""],

    "lru-cache": ["lru-cache@11.2.4", "", {}, ""],

    "make-asynchronous": ["make-asynchronous@1.0.1", "", { "dependencies": { "p-event": "^6.0.0", "type-fest": "^4.6.0", "web-worker": "1.2.0" } }, ""],

    "marked": ["marked@15.0.12", "", { "bin": "bin/marked.js" }, ""],

    "marked-terminal": ["marked-terminal@7.3.0", "", { "dependencies": { "ansi-escapes": "^7.0.0", "ansi-regex": "^6.1.0", "chalk": "^5.4.1", "cli-highlight": "^2.1.11", "cli-table3": "^0.6.5", "node-emoji": "^2.2.0", "supports-hyperlinks": "^3.1.0" }, "peerDependencies": { "marked": ">=1 <16" } }, ""],

    "meow": ["meow@13.2.0", "", {}, ""],

    "merge-stream": ["merge-stream@2.0.0", "", {}, ""],

    "micromatch": ["micromatch@4.0.8", "", { "dependencies": { "braces": "^3.0.3", "picomatch": "^2.3.1" } }, ""],

    "mime": ["mime@4.1.0", "", { "bin": "bin/cli.js" }, ""],

    "mimic-fn": ["mimic-fn@2.1.0", "", {}, ""],

    "minimist": ["minimist@1.2.8", "", {}, ""],

    "ms": ["ms@2.1.3", "", {}, ""],

    "mz": ["mz@2.7.0", "", { "dependencies": { "any-promise": "^1.0.0", "object-assign": "^4.0.1", "thenify-all": "^1.0.0" } }, ""],

    "neo-async": ["neo-async@2.6.2", "", {}, ""],

    "nerf-dart": ["nerf-dart@1.0.0", "", {}, ""],

    "node-emoji": ["node-emoji@2.2.0", "", { "dependencies": { "@sindresorhus/is": "^4.6.0", "char-regex": "^1.0.2", "emojilib": "^2.4.0", "skin-tone": "^2.0.0" } }, ""],

    "normalize-package-data": ["normalize-package-data@6.0.2", "", { "dependencies": { "hosted-git-info": "^7.0.0", "semver": "^7.3.5", "validate-npm-package-license": "^3.0.4" } }, ""],

    "normalize-url": ["normalize-url@8.1.0", "", {}, ""],

    "npm": ["npm@11.6.4", "", { "bin": { "npm": "bin/npm-cli.js", "npx": "bin/npx-cli.js" } }, ""],

    "npm-run-path": ["npm-run-path@4.0.1", "", { "dependencies": { "path-key": "^3.0.0" } }, ""],

    "object-assign": ["object-assign@4.1.1", "", {}, ""],

    "onetime": ["onetime@5.1.2", "", { "dependencies": { "mimic-fn": "^2.1.0" } }, ""],

    "p-each-series": ["p-each-series@3.0.0", "", {}, ""],

    "p-event": ["p-event@6.0.1", "", { "dependencies": { "p-timeout": "^6.1.2" } }, ""],

    "p-filter": ["p-filter@4.1.0", "", { "dependencies": { "p-map": "^7.0.1" } }, ""],

    "p-is-promise": ["p-is-promise@3.0.0", "", {}, ""],

    "p-limit": ["p-limit@1.3.0", "", { "dependencies": { "p-try": "^1.0.0" } }, ""],

    "p-locate": ["p-locate@2.0.0", "", { "dependencies": { "p-limit": "^1.1.0" } }, ""],

    "p-map": ["p-map@7.0.4", "", {}, ""],

    "p-reduce": ["p-reduce@2.1.0", "", {}, ""],

    "p-timeout": ["p-timeout@6.1.4", "", {}, ""],

    "p-try": ["p-try@1.0.0", "", {}, ""],

    "parent-module": ["parent-module@1.0.1", "", { "dependencies": { "callsites": "^3.0.0" } }, ""],

    "parse-json": ["parse-json@5.2.0", "", { "dependencies": { "@babel/code-frame": "^7.0.0", "error-ex": "^1.3.1", "json-parse-even-better-errors": "^2.3.0", "lines-and-columns": "^1.1.6" } }, ""],

    "parse-ms": ["parse-ms@4.0.0", "", {}, ""],

    "parse5": ["parse5@5.1.1", "", {}, ""],

    "parse5-htmlparser2-tree-adapter": ["parse5-htmlparser2-tree-adapter@6.0.1", "", { "dependencies": { "parse5": "^6.0.1" } }, ""],

    "path-exists": ["path-exists@3.0.0", "", {}, ""],

    "path-key": ["path-key@3.1.1", "", {}, ""],

    "path-type": ["path-type@4.0.0", "", {}, ""],

    "picocolors": ["picocolors@1.1.1", "", {}, ""],

    "picomatch": ["picomatch@4.0.3", "", {}, ""],

    "pify": ["pify@3.0.0", "", {}, ""],

    "pkg-conf": ["pkg-conf@2.1.0", "", { "dependencies": { "find-up": "^2.0.0", "load-json-file": "^4.0.0" } }, ""],

    "pretty-ms": ["pretty-ms@9.3.0", "", { "dependencies": { "parse-ms": "^4.0.0" } }, ""],

    "process-nextick-args": ["process-nextick-args@2.0.1", "", {}, ""],

    "proto-list": ["proto-list@1.2.4", "", {}, ""],

    "rc": ["rc@1.2.8", "", { "dependencies": { "deep-extend": "^0.6.0", "ini": "~1.3.0", "minimist": "^1.2.0", "strip-json-comments": "~2.0.1" }, "bin": "cli.js" }, ""],

    "read-package-up": ["read-package-up@11.0.0", "", { "dependencies": { "find-up-simple": "^1.0.0", "read-pkg": "^9.0.0", "type-fest": "^4.6.0" } }, ""],

    "read-pkg": ["read-pkg@9.0.1", "", { "dependencies": { "@types/normalize-package-data": "^2.4.3", "normalize-package-data": "^6.0.0", "parse-json": "^8.0.0", "type-fest": "^4.6.0", "unicorn-magic": "^0.1.0" } }, ""],

    "readable-stream": ["readable-stream@2.3.8", "", { "dependencies": { "core-util-is": "~1.0.0", "inherits": "~2.0.3", "isarray": "~1.0.0", "process-nextick-args": "~2.0.0", "safe-buffer": "~5.1.1", "string_decoder": "~1.1.1", "util-deprecate": "~1.0.1" } }, ""],

    "registry-auth-token": ["registry-auth-token@5.1.0", "", { "dependencies": { "@pnpm/npm-conf": "^2.1.0" } }, ""],

    "require-directory": ["require-directory@2.1.1", "", {}, ""],

    "require-from-string": ["require-from-string@2.0.2", "", {}, "sha512-Xf0nWe6RseziFMu+Ap9biiUbmplq6S9/p+7w7YXP/JBHhrUDDUhwa+vANyubuqfZWTveU//DYVGsDG7RKL/vEw=="],

    "resolve-from": ["resolve-from@5.0.0", "", {}, ""],

    "safe-buffer": ["safe-buffer@5.1.2", "", {}, ""],

    "semantic-release": ["semantic-release@25.0.2", "", { "dependencies": { "@semantic-release/commit-analyzer": "^13.0.1", "@semantic-release/error": "^4.0.0", "@semantic-release/github": "^12.0.0", "@semantic-release/npm": "^13.1.1", "@semantic-release/release-notes-generator": "^14.1.0", "aggregate-error": "^5.0.0", "cosmiconfig": "^9.0.0", "debug": "^4.0.0", "env-ci": "^11.0.0", "execa": "^9.0.0", "figures": "^6.0.0", "find-versions": "^6.0.0", "get-stream": "^6.0.0", "git-log-parser": "^1.2.0", "hook-std": "^4.0.0", "hosted-git-info": "^9.0.0", "import-from-esm": "^2.0.0", "lodash-es": "^4.17.21", "marked": "^15.0.0", "marked-terminal": "^7.3.0", "micromatch": "^4.0.2", "p-each-series": "^3.0.0", "p-reduce": "^3.0.0", "read-package-up": "^12.0.0", "resolve-from": "^5.0.0", "semver": "^7.3.2", "semver-diff": "^5.0.0", "signale": "^1.2.1", "yargs": "^18.0.0" }, "bin": "bin/semantic-release.js" }, ""],

    "semver": ["semver@7.7.3", "", { "bin": "bin/semver.js" }, ""],

    "semver-diff": ["semver-diff@5.0.0", "", { "dependencies": { "semver": "^7.3.5" } }, ""],

    "semver-regex": ["semver-regex@4.0.5", "", {}, ""],

    "shebang-command": ["shebang-command@2.0.0", "", { "dependencies": { "shebang-regex": "^3.0.0" } }, ""],

    "shebang-regex": ["shebang-regex@3.0.0", "", {}, ""],

    "signal-exit": ["signal-exit@3.0.7", "", {}, ""],

    "signale": ["signale@1.4.0", "", { "dependencies": { "chalk": "^2.3.2", "figures": "^2.0.0", "pkg-conf": "^2.1.0" } }, ""],

    "skin-tone": ["skin-tone@2.0.0", "", { "dependencies": { "unicode-emoji-modifier-base": "^1.0.0" } }, ""],

    "source-map": ["source-map@0.6.1", "", {}, ""],

    "spawn-error-forwarder": ["spawn-error-forwarder@1.0.0", "", {}, ""],

    "spdx-correct": ["spdx-correct@3.2.0", "", { "dependencies": { "spdx-expression-parse": "^3.0.0", "spdx-license-ids": "^3.0.0" } }, ""],

    "spdx-exceptions": ["spdx-exceptions@2.5.0", "", {}, ""],

    "spdx-expression-parse": ["spdx-expression-parse@3.0.1", "", { "dependencies": { "spdx-exceptions": "^2.1.0", "spdx-license-ids": "^3.0.0" } }, ""],

    "spdx-license-ids": ["spdx-license-ids@3.0.22", "", {}, ""],

    "split2": ["split2@1.0.0", "", { "dependencies": { "through2": "~2.0.0" } }, ""],

    "stream-combiner2": ["stream-combiner2@1.1.1", "", { "dependencies": { "duplexer2": "~0.1.0", "readable-stream": "^2.0.2" } }, ""],

    "string-width": ["string-width@7.2.0", "", { "dependencies": { "emoji-regex": "^10.3.0", "get-east-asian-width": "^1.0.0", "strip-ansi": "^7.1.0" } }, ""],

    "string_decoder": ["string_decoder@1.1.1", "", { "dependencies": { "safe-buffer": "~5.1.0" } }, ""],

    "strip-ansi": ["strip-ansi@7.1.2", "", { "dependencies": { "ansi-regex": "^6.0.1" } }, ""],

    "strip-bom": ["strip-bom@3.0.0", "", {}, ""],

    "strip-final-newline": ["strip-final-newline@2.0.0", "", {}, ""],

    "strip-json-comments": ["strip-json-comments@2.0.1", "", {}, ""],

    "super-regex": ["super-regex@1.1.0", "", { "dependencies": { "function-timeout": "^1.0.1", "make-asynchronous": "^1.0.1", "time-span": "^5.1.0" } }, ""],

    "supports-color": ["supports-color@7.2.0", "", { "dependencies": { "has-flag": "^4.0.0" } }, ""],

    "supports-hyperlinks": ["supports-hyperlinks@3.2.0", "", { "dependencies": { "has-flag": "^4.0.0", "supports-color": "^7.0.0" } }, ""],

    "tagged-tag": ["tagged-tag@1.0.0", "", {}, ""],

    "temp-dir": ["temp-dir@3.0.0", "", {}, ""],

    "tempy": ["tempy@3.1.0", "", { "dependencies": { "is-stream": "^3.0.0", "temp-dir": "^3.0.0", "type-fest": "^2.12.2", "unique-string": "^3.0.0" } }, ""],

    "thenify": ["thenify@3.3.1", "", { "dependencies": { "any-promise": "^1.0.0" } }, ""],

    "thenify-all": ["thenify-all@1.6.0", "", { "dependencies": { "thenify": ">= 3.1.0 < 4" } }, ""],

    "through2": ["through2@2.0.5", "", { "dependencies": { "readable-stream": "~2.3.6", "xtend": "~4.0.1" } }, ""],

    "time-span": ["time-span@5.1.0", "", { "dependencies": { "convert-hrtime": "^5.0.0" } }, ""],

    "tinyglobby": ["tinyglobby@0.2.15", "", { "dependencies": { "fdir": "^6.5.0", "picomatch": "^4.0.3" } }, ""],

    "to-regex-range": ["to-regex-range@5.0.1", "", { "dependencies": { "is-number": "^7.0.0" } }, ""],

    "traverse": ["traverse@0.6.8", "", {}, ""],

    "tunnel": ["tunnel@0.0.6", "", {}, ""],

    "type-fest": ["type-fest@4.41.0", "", {}, ""],

    "uglify-js": ["uglify-js@3.19.3", "", { "bin": { "uglifyjs": "bin/uglifyjs" } }, ""],

    "undici": ["undici@7.16.0", "", {}, ""],

    "unicode-emoji-modifier-base": ["unicode-emoji-modifier-base@1.0.0", "", {}, ""],

    "unicorn-magic": ["unicorn-magic@0.1.0", "", {}, ""],

    "unique-string": ["unique-string@3.0.0", "", { "dependencies": { "crypto-random-string": "^4.0.0" } }, ""],

    "universal-user-agent": ["universal-user-agent@7.0.3", "", {}, ""],

    "universalify": ["universalify@2.0.1", "", {}, ""],

    "url-join": ["url-join@5.0.0", "", {}, ""],

    "util-deprecate": ["util-deprecate@1.0.2", "", {}, ""],

    "validate-npm-package-license": ["validate-npm-package-license@3.0.4", "", { "dependencies": { "spdx-correct": "^3.0.0", "spdx-expression-parse": "^3.0.0" } }, ""],

    "web-worker": ["web-worker@1.2.0", "", {}, ""],

    "which": ["which@2.0.2", "", { "dependencies": { "isexe": "^2.0.0" }, "bin": { "node-which": "bin/node-which" } }, ""],

    "wordwrap": ["wordwrap@1.0.0", "", {}, ""],

    "wrap-ansi": ["wrap-ansi@9.0.2", "", { "dependencies": { "ansi-styles": "^6.2.1", "string-width": "^7.0.0", "strip-ansi": "^7.1.0" } }, ""],

    "xtend": ["xtend@4.0.2", "", {}, ""],

    "y18n": ["y18n@5.0.8", "", {}, ""],

    "yargs": ["yargs@18.0.0", "", { "dependencies": { "cliui": "^9.0.1", "escalade": "^3.1.1", "get-caller-file": "^2.0.5", "string-width": "^7.2.0", "y18n": "^5.0.5", "yargs-parser": "^22.0.0" } }, ""],

    "yargs-parser": ["yargs-parser@22.0.0", "", {}, ""],

    "yoctocolors": ["yoctocolors@2.1.2", "", {}, ""],

    "@actions/http-client/undici": ["undici@5.29.0", "", { "dependencies": { "@fastify/busboy": "^2.0.0" } }, ""],

    "@octokit/plugin-paginate-rest/@octokit/types": ["@octokit/types@15.0.2", "", { "dependencies": { "@octokit/openapi-types": "^26.0.0" } }, ""],

    "@pnpm/network.ca-file/graceful-fs": ["graceful-fs@4.2.10", "", {}, ""],

    "@semantic-release/github/@semantic-release/error": ["@semantic-release/error@4.0.0", "", {}, ""],

    "@semantic-release/github/aggregate-error": ["aggregate-error@5.0.0", "", { "dependencies": { "clean-stack": "^5.2.0", "indent-string": "^5.0.0" } }, ""],

    "@semantic-release/npm/@semantic-release/error": ["@semantic-release/error@4.0.0", "", {}, ""],

    "@semantic-release/npm/aggregate-error": ["aggregate-error@5.0.0", "", { "dependencies": { "clean-stack": "^5.2.0", "indent-string": "^5.0.0" } }, ""],

    "@semantic-release/npm/execa": ["execa@9.6.1", "", { "dependencies": { "@sindresorhus/merge-streams": "^4.0.0", "cross-spawn": "^7.0.6", "figures": "^6.1.0", "get-stream": "^9.0.0", "human-signals": "^8.0.1", "is-plain-obj": "^4.1.0", "is-stream": "^4.0.1", "npm-run-path": "^6.0.0", "pretty-ms": "^9.2.0", "signal-exit": "^4.1.0", "strip-final-newline": "^4.0.0", "yoctocolors": "^2.1.1" } }, ""],

    "@semantic-release/npm/read-pkg": ["read-pkg@10.0.0", "", { "dependencies": { "@types/normalize-package-data": "^2.4.4", "normalize-package-data": "^8.0.0", "parse-json": "^8.3.0", "type-fest": "^5.2.0", "unicorn-magic": "^0.3.0" } }, ""],

    "cli-highlight/chalk": ["chalk@4.1.2", "", { "dependencies": { "ansi-styles": "^4.1.0", "supports-color": "^7.1.0" } }, ""],

    "cli-highlight/yargs": ["yargs@16.2.0", "", { "dependencies": { "cliui": "^7.0.2", "escalade": "^3.1.1", "get-caller-file": "^2.0.5", "require-directory": "^2.1.1", "string-width": "^4.2.0", "y18n": "^5.0.5", "yargs-parser": "^20.2.2" } }, ""],

    "cli-table3/string-width": ["string-width@4.2.3", "", { "dependencies": { "emoji-regex": "^8.0.0", "is-fullwidth-code-point": "^3.0.0", "strip-ansi": "^6.0.1" } }, ""],

    "cliui/string-width": ["string-width@7.2.0", "", { "dependencies": { "emoji-regex": "^10.3.0", "get-east-asian-width": "^1.0.0", "strip-ansi": "^7.1.0" } }, ""],

    "crypto-random-string/type-fest": ["type-fest@1.4.0", "", {}, ""],

    "env-ci/execa": ["execa@8.0.1", "", { "dependencies": { "cross-spawn": "^7.0.3", "get-stream": "^8.0.1", "human-signals": "^5.0.0", "is-stream": "^3.0.0", "merge-stream": "^2.0.0", "npm-run-path": "^5.1.0", "onetime": "^6.0.0", "signal-exit": "^4.1.0", "strip-final-newline": "^3.0.0" } }, ""],

    "execa/get-stream": ["get-stream@6.0.1", "", {}, ""],

    "import-fresh/resolve-from": ["resolve-from@4.0.0", "", {}, ""],

    "load-json-file/parse-json": ["parse-json@4.0.0", "", { "dependencies": { "error-ex": "^1.3.1", "json-parse-better-errors": "^1.0.1" } }, ""],

    "micromatch/picomatch": ["picomatch@2.3.1", "", {}, ""],

    "normalize-package-data/hosted-git-info": ["hosted-git-info@7.0.2", "", { "dependencies": { "lru-cache": "^10.0.1" } }, ""],

    "parse5-htmlparser2-tree-adapter/parse5": ["parse5@6.0.1", "", {}, ""],

    "read-pkg/parse-json": ["parse-json@8.3.0", "", { "dependencies": { "@babel/code-frame": "^7.26.2", "index-to-position": "^1.1.0", "type-fest": "^4.39.1" } }, ""],

    "semantic-release/@semantic-release/error": ["@semantic-release/error@4.0.0", "", {}, ""],

    "semantic-release/@semantic-release/github": ["@semantic-release/github@12.0.2", "", { "dependencies": { "@octokit/core": "^7.0.0", "@octokit/plugin-paginate-rest": "^14.0.0", "@octokit/plugin-retry": "^8.0.0", "@octokit/plugin-throttling": "^11.0.0", "@semantic-release/error": "^4.0.0", "aggregate-error": "^5.0.0", "debug": "^4.3.4", "dir-glob": "^3.0.1", "http-proxy-agent": "^7.0.0", "https-proxy-agent": "^7.0.0", "issue-parser": "^7.0.0", "lodash-es": "^4.17.21", "mime": "^4.0.0", "p-filter": "^4.0.0", "tinyglobby": "^0.2.14", "undici": "^7.0.0", "url-join": "^5.0.0" }, "peerDependencies": { "semantic-release": ">=24.1.0" } }, ""],

    "semantic-release/aggregate-error": ["aggregate-error@5.0.0", "", { "dependencies": { "clean-stack": "^5.2.0", "indent-string": "^5.0.0" } }, ""],

    "semantic-release/execa": ["execa@9.6.1", "", { "dependencies": { "@sindresorhus/merge-streams": "^4.0.0", "cross-spawn": "^7.0.6", "figures": "^6.1.0", "get-stream": "^9.0.0", "human-signals": "^8.0.1", "is-plain-obj": "^4.1.0", "is-stream": "^4.0.1", "npm-run-path": "^6.0.0", "pretty-ms": "^9.2.0", "signal-exit": "^4.1.0", "strip-final-newline": "^4.0.0", "yoctocolors": "^2.1.1" } }, ""],

    "semantic-release/get-stream": ["get-stream@6.0.1", "", {}, ""],

    "semantic-release/p-reduce": ["p-reduce@3.0.0", "", {}, ""],

    "semantic-release/read-package-up": ["read-package-up@12.0.0", "", { "dependencies": { "find-up-simple": "^1.0.1", "read-pkg": "^10.0.0", "type-fest": "^5.2.0" } }, ""],

    "signale/chalk": ["chalk@2.4.2", "", { "dependencies": { "ansi-styles": "^3.2.1", "escape-string-regexp": "^1.0.5", "supports-color": "^5.3.0" } }, ""],

    "signale/figures": ["figures@2.0.0", "", { "dependencies": { "escape-string-regexp": "^1.0.5" } }, ""],

    "string-width/strip-ansi": ["strip-ansi@7.1.2", "", { "dependencies": { "ansi-regex": "^6.0.1" } }, ""],

    "tempy/is-stream": ["is-stream@3.0.0", "", {}, ""],

    "tempy/type-fest": ["type-fest@2.19.0", "", {}, ""],

    "wrap-ansi/ansi-styles": ["ansi-styles@6.2.3", "", {}, ""],

    "wrap-ansi/string-width": ["string-width@7.2.0", "", { "dependencies": { "emoji-regex": "^10.3.0", "get-east-asian-width": "^1.0.0", "strip-ansi": "^7.1.0" } }, ""],

    "wrap-ansi/strip-ansi": ["strip-ansi@7.1.2", "", { "dependencies": { "ansi-regex": "^6.0.1" } }, ""],

    "@octokit/plugin-paginate-rest/@octokit/types/@octokit/openapi-types": ["@octokit/openapi-types@26.0.0", "", {}, ""],

    "@semantic-release/github/aggregate-error/clean-stack": ["clean-stack@5.3.0", "", { "dependencies": { "escape-string-regexp": "5.0.0" } }, ""],

    "@semantic-release/github/aggregate-error/indent-string": ["indent-string@5.0.0", "", {}, ""],

    "@semantic-release/npm/aggregate-error/clean-stack": ["clean-stack@5.3.0", "", { "dependencies": { "escape-string-regexp": "5.0.0" } }, ""],

    "@semantic-release/npm/aggregate-error/indent-string": ["indent-string@5.0.0", "", {}, ""],

    "@semantic-release/npm/execa/get-stream": ["get-stream@9.0.1", "", { "dependencies": { "@sec-ant/readable-stream": "^0.4.1", "is-stream": "^4.0.1" } }, ""],

    "@semantic-release/npm/execa/human-signals": ["human-signals@8.0.1", "", {}, ""],

    "@semantic-release/npm/execa/is-stream": ["is-stream@4.0.1", "", {}, ""],

    "@semantic-release/npm/execa/npm-run-path": ["npm-run-path@6.0.0", "", { "dependencies": { "path-key": "^4.0.0", "unicorn-magic": "^0.3.0" } }, ""],

    "@semantic-release/npm/execa/signal-exit": ["signal-exit@4.1.0", "", {}, ""],

    "@semantic-release/npm/execa/strip-final-newline": ["strip-final-newline@4.0.0", "", {}, ""],

    "@semantic-release/npm/read-pkg/normalize-package-data": ["normalize-package-data@8.0.0", "", { "dependencies": { "hosted-git-info": "^9.0.0", "semver": "^7.3.5", "validate-npm-package-license": "^3.0.4" } }, ""],

    "@semantic-release/npm/read-pkg/parse-json": ["parse-json@8.3.0", "", { "dependencies": { "@babel/code-frame": "^7.26.2", "index-to-position": "^1.1.0", "type-fest": "^4.39.1" } }, ""],

    "@semantic-release/npm/read-pkg/type-fest": ["type-fest@5.3.0", "", { "dependencies": { "tagged-tag": "^1.0.0" } }, ""],

    "@semantic-release/npm/read-pkg/unicorn-magic": ["unicorn-magic@0.3.0", "", {}, ""],

    "cli-highlight/chalk/ansi-styles": ["ansi-styles@4.3.0", "", { "dependencies": { "color-convert": "^2.0.1" } }, ""],

    "cli-highlight/yargs/cliui": ["cliui@7.0.4", "", { "dependencies": { "string-width": "^4.2.0", "strip-ansi": "^6.0.0", "wrap-ansi": "^7.0.0" } }, ""],

    "cli-highlight/yargs/string-width": ["string-width@4.2.3", "", { "dependencies": { "emoji-regex": "^8.0.0", "is-fullwidth-code-point": "^3.0.0", "strip-ansi": "^6.0.1" } }, ""],

    "cli-highlight/yargs/yargs-parser": ["yargs-parser@20.2.9", "", {}, ""],

    "cli-table3/string-width/emoji-regex": ["emoji-regex@8.0.0", "", {}, ""],

    "cli-table3/string-width/strip-ansi": ["strip-ansi@6.0.1", "", { "dependencies": { "ansi-regex": "^5.0.1" } }, ""],

    "cliui/string-width/emoji-regex": ["emoji-regex@10.6.0", "", {}, ""],

    "env-ci/execa/get-stream": ["get-stream@8.0.1", "", {}, ""],

    "env-ci/execa/human-signals": ["human-signals@5.0.0", "", {}, ""],

    "env-ci/execa/is-stream": ["is-stream@3.0.0", "", {}, ""],

    "env-ci/execa/npm-run-path": ["npm-run-path@5.3.0", "", { "dependencies": { "path-key": "^4.0.0" } }, ""],

    "env-ci/execa/onetime": ["onetime@6.0.0", "", { "dependencies": { "mimic-fn": "^4.0.0" } }, ""],

    "env-ci/execa/signal-exit": ["signal-exit@4.1.0", "", {}, ""],

    "env-ci/execa/strip-final-newline": ["strip-final-newline@3.0.0", "", {}, ""],

    "normalize-package-data/hosted-git-info/lru-cache": ["lru-cache@10.4.3", "", {}, ""],

    "semantic-release/@semantic-release/github/@octokit/plugin-paginate-rest": ["@octokit/plugin-paginate-rest@14.0.0", "", { "dependencies": { "@octokit/types": "^16.0.0" }, "peerDependencies": { "@octokit/core": ">=6" } }, ""],

    "semantic-release/aggregate-error/clean-stack": ["clean-stack@5.3.0", "", { "dependencies": { "escape-string-regexp": "5.0.0" } }, ""],

    "semantic-release/aggregate-error/indent-string": ["indent-string@5.0.0", "", {}, ""],

    "semantic-release/execa/get-stream": ["get-stream@9.0.1", "", { "dependencies": { "@sec-ant/readable-stream": "^0.4.1", "is-stream": "^4.0.1" } }, ""],

    "semantic-release/execa/human-signals": ["human-signals@8.0.1", "", {}, ""],

    "semantic-release/execa/is-stream": ["is-stream@4.0.1", "", {}, ""],

    "semantic-release/execa/npm-run-path": ["npm-run-path@6.0.0", "", { "dependencies": { "path-key": "^4.0.0", "unicorn-magic": "^0.3.0" } }, ""],

    "semantic-release/execa/signal-exit": ["signal-exit@4.1.0", "", {}, ""],

    "semantic-release/execa/strip-final-newline": ["strip-final-newline@4.0.0", "", {}, ""],

    "semantic-release/read-package-up/read-pkg": ["read-pkg@10.0.0", "", { "dependencies": { "@types/normalize-package-data": "^2.4.4", "normalize-package-data": "^8.0.0", "parse-json": "^8.3.0", "type-fest": "^5.2.0", "unicorn-magic": "^0.3.0" } }, ""],

    "semantic-release/read-package-up/type-fest": ["type-fest@5.3.0", "", { "dependencies": { "tagged-tag": "^1.0.0" } }, ""],

    "signale/chalk/escape-string-regexp": ["escape-string-regexp@1.0.5", "", {}, ""],

    "signale/chalk/supports-color": ["supports-color@5.5.0", "", { "dependencies": { "has-flag": "^3.0.0" } }, ""],

    "signale/figures/escape-string-regexp": ["escape-string-regexp@1.0.5", "", {}, ""],

    "wrap-ansi/string-width/emoji-regex": ["emoji-regex@10.6.0", "", {}, ""],

    "@semantic-release/npm/execa/npm-run-path/path-key": ["path-key@4.0.0", "", {}, ""],

    "@semantic-release/npm/execa/npm-run-path/unicorn-magic": ["unicorn-magic@0.3.0", "", {}, ""],

    "@semantic-release/npm/read-pkg/normalize-package-data/hosted-git-info": ["hosted-git-info@9.0.2", "", { "dependencies": { "lru-cache": "^11.1.0" } }, ""],

    "@semantic-release/npm/read-pkg/parse-json/type-fest": ["type-fest@4.41.0", "", {}, ""],

    "cli-highlight/chalk/ansi-styles/color-convert": ["color-convert@2.0.1", "", { "dependencies": { "color-name": "~1.1.4" } }, ""],

    "cli-highlight/yargs/cliui/strip-ansi": ["strip-ansi@6.0.1", "", { "dependencies": { "ansi-regex": "^5.0.1" } }, ""],

    "cli-highlight/yargs/cliui/wrap-ansi": ["wrap-ansi@7.0.0", "", { "dependencies": { "ansi-styles": "^4.0.0", "string-width": "^4.1.0", "strip-ansi": "^6.0.0" } }, ""],

    "cli-highlight/yargs/string-width/emoji-regex": ["emoji-regex@8.0.0", "", {}, ""],

    "cli-highlight/yargs/string-width/strip-ansi": ["strip-ansi@6.0.1", "", { "dependencies": { "ansi-regex": "^5.0.1" } }, ""],

    "cli-table3/string-width/strip-ansi/ansi-regex": ["ansi-regex@5.0.1", "", {}, ""],

    "env-ci/execa/npm-run-path/path-key": ["path-key@4.0.0", "", {}, ""],

    "env-ci/execa/onetime/mimic-fn": ["mimic-fn@4.0.0", "", {}, ""],

    "semantic-release/execa/npm-run-path/path-key": ["path-key@4.0.0", "", {}, ""],

    "semantic-release/execa/npm-run-path/unicorn-magic": ["unicorn-magic@0.3.0", "", {}, ""],

    "semantic-release/read-package-up/read-pkg/normalize-package-data": ["normalize-package-data@8.0.0", "", { "dependencies": { "hosted-git-info": "^9.0.0", "semver": "^7.3.5", "validate-npm-package-license": "^3.0.4" } }, ""],

    "semantic-release/read-package-up/read-pkg/parse-json": ["parse-json@8.3.0", "", { "dependencies": { "@babel/code-frame": "^7.26.2", "index-to-position": "^1.1.0", "type-fest": "^4.39.1" } }, ""],

    "semantic-release/read-package-up/read-pkg/unicorn-magic": ["unicorn-magic@0.3.0", "", {}, ""],

    "signale/chalk/supports-color/has-flag": ["has-flag@3.0.0", "", {}, ""],

    "@semantic-release/npm/read-pkg/normalize-package-data/hosted-git-info/lru-cache": ["lru-cache@11.2.4", "", {}, ""],

    "cli-highlight/chalk/ansi-styles/color-convert/color-name": ["color-name@1.1.4", "", {}, ""],

    "cli-highlight/yargs/cliui/strip-ansi/ansi-regex": ["ansi-regex@5.0.1", "", {}, ""],

    "cli-highlight/yargs/cliui/wrap-ansi/ansi-styles": ["ansi-styles@4.3.0", "", { "dependencies": { "color-convert": "^2.0.1" } }, ""],

    "cli-highlight/yargs/string-width/strip-ansi/ansi-regex": ["ansi-regex@5.0.1", "", {}, ""],

    "semantic-release/read-package-up/read-pkg/parse-json/type-fest": ["type-fest@4.41.0", "", {}, ""],

    "cli-highlight/yargs/cliui/wrap-ansi/ansi-styles/color-convert": ["color-convert@2.0.1", "", { "dependencies": { "color-name": "~1.1.4" } }, ""],

    "cli-highlight/yargs/cliui/wrap-ansi/ansi-styles/color-convert/color-name": ["color-name@1.1.4", "", {}, ""],
  }
}
